
Microsoft Visual Studio Solution File, Format Version 12.00
# Visual Studio 15
VisualStudioVersion = 15.0.27130.2027
MinimumVisualStudioVersion = 10.0.40219.1
Project("{FAE04EC0-301F-11D3-BF4B-00C04F79EFBC}") = "DemoServiceProvider", "DemoServiceProvider.csproj", "{FC94E2D1-D91D-4FC4-897E-41AA3830164D}"
EndProject
Global
	GlobalSection(SolutionConfigurationPlatforms) = preSolution
		Debug|ARM = Debug|ARM
		Debug|x64 = Debug|x64
		Debug|x86 = Debug|x86
		Release|ARM = Release|ARM
		Release|x64 = Release|x64
		Release|x86 = Release|x86
	EndGlobalSection
	GlobalSection(ProjectConfigurationPlatforms) = postSolution
		{FC94E2D1-D91D-4FC4-897E-41AA3830164D}.Debug|ARM.ActiveCfg = Debug|ARM
		{FC94E2D1-D91D-4FC4-897E-41AA3830164D}.Debug|ARM.Build.0 = Debug|ARM
		{FC94E2D1-D91D-4FC4-897E-41AA3830164D}.Debug|ARM.Deploy.0 = Debug|ARM
		{FC94E2D1-D91D-4FC4-897E-41AA3830164D}.Debug|x64.ActiveCfg = Debug|x64
		{FC94E2D1-D91D-4FC4-897E-41AA3830164D}.Debug|x64.Build.0 = Debug|x64
		{FC94E2D1-D91D-4FC4-897E-41AA3830164D}.Debug|x64.Deploy.0 = Debug|x64
		{FC94E2D1-D91D-4FC4-897E-41AA3830164D}.Debug|x86.ActiveCfg = Debug|x86
		{FC94E2D1-D91D-4FC4-897E-41AA3830164D}.Debug|x86.Build.0 = Debug|x86
		{FC94E2D1-D91D-4FC4-897E-41AA3830164D}.Debug|x86.Deploy.0 = Debug|x86
		{FC94E2D1-D91D-4FC4-897E-41AA3830164D}.Release|ARM.ActiveCfg = Release|ARM
		{FC94E2D1-D91D-4FC4-897E-41AA3830164D}.Release|ARM.Build.0 = Release|ARM
		{FC94E2D1-D91D-4FC4-897E-41AA3830164D}.Release|ARM.Deploy.0 = Release|ARM
		{FC94E2D1-D91D-4FC4-897E-41AA3830164D}.Release|x64.ActiveCfg = Release|x64
		{FC94E2D1-D91D-4FC4-897E-41AA3830164D}.Release|x64.Build.0 = Release|x64
		{FC94E2D1-D91D-4FC4-897E-41AA3830164D}.Release|x64.Deploy.0 = Release|x64
		{FC94E2D1-D91D-4FC4-897E-41AA3830164D}.Release|x86.ActiveCfg = Release|x86
		{FC94E2D1-D91D-4FC4-897E-41AA3830164D}.Release|x86.Build.0 = Release|x86
		{FC94E2D1-D91D-4FC4-897E-41AA3830164D}.Release|x86.Deploy.0 = Release|x86
	EndGlobalSection
	GlobalSection(SolutionProperties) = preSolution
		HideSolutionNode = FALSE
	EndGlobalSection
	GlobalSection(ExtensibilityGlobals) = postSolution
		SolutionGuid = {1C19057D-86C9-4D99-A674-11A5ABF7D49D}
	EndGlobalSection
EndGlobal
