
Microsoft Visual Studio Solution File, Format Version 12.00
# Visual Studio 15
VisualStudioVersion = 15.0.27130.2027
MinimumVisualStudioVersion = 10.0.40219.1
Project("{FAE04EC0-301F-11D3-BF4B-00C04F79EFBC}") = "DemoServiceProvider", "DemoServiceProvider.csproj", "{FC94E2D1-D91D-4FC4-897E-41AA3830164D}"
EndProject
Project("{FAE04EC0-301F-11D3-BF4B-00C04F79EFBC}") = "DemoService", "..\DemoService\DemoService.csproj", "{9E6D3B25-C3CE-456D-9A12-C946DC7F6347}"
EndProject
Project("{FAE04EC0-301F-11D3-BF4B-00C04F79EFBC}") = "ClientApp", "..\ClientApp\ClientApp.csproj", "{5183728E-AE2A-43A7-8B04-1C04B7D87BCD}"
EndProject
Global
	GlobalSection(SolutionConfigurationPlatforms) = preSolution
		Debug|Any CPU = Debug|Any CPU
		Debug|ARM = Debug|ARM
		Debug|x64 = Debug|x64
		Debug|x86 = Debug|x86
		Release|Any CPU = Release|Any CPU
		Release|ARM = Release|ARM
		Release|x64 = Release|x64
		Release|x86 = Release|x86
	EndGlobalSection
	GlobalSection(ProjectConfigurationPlatforms) = postSolution
		{FC94E2D1-D91D-4FC4-897E-41AA3830164D}.Debug|Any CPU.ActiveCfg = Debug|x86
		{FC94E2D1-D91D-4FC4-897E-41AA3830164D}.Debug|ARM.ActiveCfg = Debug|ARM
		{FC94E2D1-D91D-4FC4-897E-41AA3830164D}.Debug|ARM.Build.0 = Debug|ARM
		{FC94E2D1-D91D-4FC4-897E-41AA3830164D}.Debug|ARM.Deploy.0 = Debug|ARM
		{FC94E2D1-D91D-4FC4-897E-41AA3830164D}.Debug|x64.ActiveCfg = Debug|x64
		{FC94E2D1-D91D-4FC4-897E-41AA3830164D}.Debug|x64.Build.0 = Debug|x64
		{FC94E2D1-D91D-4FC4-897E-41AA3830164D}.Debug|x64.Deploy.0 = Debug|x64
		{FC94E2D1-D91D-4FC4-897E-41AA3830164D}.Debug|x86.ActiveCfg = Debug|x86
		{FC94E2D1-D91D-4FC4-897E-41AA3830164D}.Debug|x86.Build.0 = Debug|x86
		{FC94E2D1-D91D-4FC4-897E-41AA3830164D}.Debug|x86.Deploy.0 = Debug|x86
		{FC94E2D1-D91D-4FC4-897E-41AA3830164D}.Release|Any CPU.ActiveCfg = Release|x86
		{FC94E2D1-D91D-4FC4-897E-41AA3830164D}.Release|ARM.ActiveCfg = Release|ARM
		{FC94E2D1-D91D-4FC4-897E-41AA3830164D}.Release|ARM.Build.0 = Release|ARM
		{FC94E2D1-D91D-4FC4-897E-41AA3830164D}.Release|ARM.Deploy.0 = Release|ARM
		{FC94E2D1-D91D-4FC4-897E-41AA3830164D}.Release|x64.ActiveCfg = Release|x64
		{FC94E2D1-D91D-4FC4-897E-41AA3830164D}.Release|x64.Build.0 = Release|x64
		{FC94E2D1-D91D-4FC4-897E-41AA3830164D}.Release|x64.Deploy.0 = Release|x64
		{FC94E2D1-D91D-4FC4-897E-41AA3830164D}.Release|x86.ActiveCfg = Release|x86
		{FC94E2D1-D91D-4FC4-897E-41AA3830164D}.Release|x86.Build.0 = Release|x86
		{FC94E2D1-D91D-4FC4-897E-41AA3830164D}.Release|x86.Deploy.0 = Release|x86
		{9E6D3B25-C3CE-456D-9A12-C946DC7F6347}.Debug|Any CPU.ActiveCfg = Debug|Any CPU
		{9E6D3B25-C3CE-456D-9A12-C946DC7F6347}.Debug|Any CPU.Build.0 = Debug|Any CPU
		{9E6D3B25-C3CE-456D-9A12-C946DC7F6347}.Debug|ARM.ActiveCfg = Debug|ARM
		{9E6D3B25-C3CE-456D-9A12-C946DC7F6347}.Debug|ARM.Build.0 = Debug|ARM
		{9E6D3B25-C3CE-456D-9A12-C946DC7F6347}.Debug|x64.ActiveCfg = Debug|x64
		{9E6D3B25-C3CE-456D-9A12-C946DC7F6347}.Debug|x64.Build.0 = Debug|x64
		{9E6D3B25-C3CE-456D-9A12-C946DC7F6347}.Debug|x86.ActiveCfg = Debug|x86
		{9E6D3B25-C3CE-456D-9A12-C946DC7F6347}.Debug|x86.Build.0 = Debug|x86
		{9E6D3B25-C3CE-456D-9A12-C946DC7F6347}.Release|Any CPU.ActiveCfg = Release|Any CPU
		{9E6D3B25-C3CE-456D-9A12-C946DC7F6347}.Release|Any CPU.Build.0 = Release|Any CPU
		{9E6D3B25-C3CE-456D-9A12-C946DC7F6347}.Release|ARM.ActiveCfg = Release|ARM
		{9E6D3B25-C3CE-456D-9A12-C946DC7F6347}.Release|ARM.Build.0 = Release|ARM
		{9E6D3B25-C3CE-456D-9A12-C946DC7F6347}.Release|x64.ActiveCfg = Release|x64
		{9E6D3B25-C3CE-456D-9A12-C946DC7F6347}.Release|x64.Build.0 = Release|x64
		{9E6D3B25-C3CE-456D-9A12-C946DC7F6347}.Release|x86.ActiveCfg = Release|x86
		{9E6D3B25-C3CE-456D-9A12-C946DC7F6347}.Release|x86.Build.0 = Release|x86
		{5183728E-AE2A-43A7-8B04-1C04B7D87BCD}.Debug|Any CPU.ActiveCfg = Debug|x86
		{5183728E-AE2A-43A7-8B04-1C04B7D87BCD}.Debug|ARM.ActiveCfg = Debug|ARM
		{5183728E-AE2A-43A7-8B04-1C04B7D87BCD}.Debug|ARM.Build.0 = Debug|ARM
		{5183728E-AE2A-43A7-8B04-1C04B7D87BCD}.Debug|ARM.Deploy.0 = Debug|ARM
		{5183728E-AE2A-43A7-8B04-1C04B7D87BCD}.Debug|x64.ActiveCfg = Debug|x64
		{5183728E-AE2A-43A7-8B04-1C04B7D87BCD}.Debug|x64.Build.0 = Debug|x64
		{5183728E-AE2A-43A7-8B04-1C04B7D87BCD}.Debug|x64.Deploy.0 = Debug|x64
		{5183728E-AE2A-43A7-8B04-1C04B7D87BCD}.Debug|x86.ActiveCfg = Debug|x86
		{5183728E-AE2A-43A7-8B04-1C04B7D87BCD}.Debug|x86.Build.0 = Debug|x86
		{5183728E-AE2A-43A7-8B04-1C04B7D87BCD}.Debug|x86.Deploy.0 = Debug|x86
		{5183728E-AE2A-43A7-8B04-1C04B7D87BCD}.Release|Any CPU.ActiveCfg = Release|x86
		{5183728E-AE2A-43A7-8B04-1C04B7D87BCD}.Release|ARM.ActiveCfg = Release|ARM
		{5183728E-AE2A-43A7-8B04-1C04B7D87BCD}.Release|ARM.Build.0 = Release|ARM
		{5183728E-AE2A-43A7-8B04-1C04B7D87BCD}.Release|ARM.Deploy.0 = Release|ARM
		{5183728E-AE2A-43A7-8B04-1C04B7D87BCD}.Release|x64.ActiveCfg = Release|x64
		{5183728E-AE2A-43A7-8B04-1C04B7D87BCD}.Release|x64.Build.0 = Release|x64
		{5183728E-AE2A-43A7-8B04-1C04B7D87BCD}.Release|x64.Deploy.0 = Release|x64
		{5183728E-AE2A-43A7-8B04-1C04B7D87BCD}.Release|x86.ActiveCfg = Release|x86
		{5183728E-AE2A-43A7-8B04-1C04B7D87BCD}.Release|x86.Build.0 = Release|x86
		{5183728E-AE2A-43A7-8B04-1C04B7D87BCD}.Release|x86.Deploy.0 = Release|x86
	EndGlobalSection
	GlobalSection(SolutionProperties) = preSolution
		HideSolutionNode = FALSE
	EndGlobalSection
	GlobalSection(ExtensibilityGlobals) = postSolution
		SolutionGuid = {1C19057D-86C9-4D99-A674-11A5ABF7D49D}
	EndGlobalSection
EndGlobal
